
Microsoft Visual Studio Solution File, Format Version 12.00
# Visual Studio Version 17
VisualStudioVersion = 17.8.34525.116
MinimumVisualStudioVersion = 10.0.40219.1
Project("{FAE04EC0-301F-11D3-BF4B-00C04F79EFBC}") = "DesignPatterns.Source", "DesignPatterns.Source\DesignPatterns.Source.csproj", "{C3890E18-B643-4F26-B6E8-57B05B242B48}"
EndProject
Project("{FAE04EC0-301F-11D3-BF4B-00C04F79EFBC}") = "DesignPatterns.Test", "DesignPatterns.Test\DesignPatterns.Test.csproj", "{A0018856-B6BF-44BE-88DC-2905B4592EC1}"
EndProject
Global
	GlobalSection(SolutionConfigurationPlatforms) = preSolution
		Debug|Any CPU = Debug|Any CPU
		Release|Any CPU = Release|Any CPU
	EndGlobalSection
	GlobalSection(ProjectConfigurationPlatforms) = postSolution
		{C3890E18-B643-4F26-B6E8-57B05B242B48}.Debug|Any CPU.ActiveCfg = Debug|Any CPU
		{C3890E18-B643-4F26-B6E8-57B05B242B48}.Debug|Any CPU.Build.0 = Debug|Any CPU
		{C3890E18-B643-4F26-B6E8-57B05B242B48}.Release|Any CPU.ActiveCfg = Release|Any CPU
		{C3890E18-B643-4F26-B6E8-57B05B242B48}.Release|Any CPU.Build.0 = Release|Any CPU
		{A0018856-B6BF-44BE-88DC-2905B4592EC1}.Debug|Any CPU.ActiveCfg = Debug|Any CPU
		{A0018856-B6BF-44BE-88DC-2905B4592EC1}.Debug|Any CPU.Build.0 = Debug|Any CPU
		{A0018856-B6BF-44BE-88DC-2905B4592EC1}.Release|Any CPU.ActiveCfg = Release|Any CPU
		{A0018856-B6BF-44BE-88DC-2905B4592EC1}.Release|Any CPU.Build.0 = Release|Any CPU
	EndGlobalSection
	GlobalSection(SolutionProperties) = preSolution
		HideSolutionNode = FALSE
	EndGlobalSection
	GlobalSection(ExtensibilityGlobals) = postSolution
		SolutionGuid = {E7A933A3-D001-4A78-8E8E-032A4FA90C49}
	EndGlobalSection
EndGlobal
